
Microsoft Visual Studio Solution File, Format Version 12.00
# Visual Studio Version 17
VisualStudioVersion = 17.9.34723.18
MinimumVisualStudioVersion = 10.0.40219.1
Project("{FAE04EC0-301F-11D3-BF4B-00C04F79EFBC}") = "CareerCatalyst", "CareerCatalyst\CareerCatalyst.csproj", "{8B4D09EA-6589-4706-B881-4E17F81FCF1C}"
EndProject
Project("{FAE04EC0-301F-11D3-BF4B-00C04F79EFBC}") = "Domain", "Domain\Domain.csproj", "{899489DE-9FE3-42BF-8DA2-5B63E82A00D9}"
EndProject
Global
	GlobalSection(SolutionConfigurationPlatforms) = preSolution
		Debug|Any CPU = Debug|Any CPU
		Release|Any CPU = Release|Any CPU
	EndGlobalSection
	GlobalSection(ProjectConfigurationPlatforms) = postSolution
		{8B4D09EA-6589-4706-B881-4E17F81FCF1C}.Debug|Any CPU.ActiveCfg = Debug|Any CPU
		{8B4D09EA-6589-4706-B881-4E17F81FCF1C}.Debug|Any CPU.Build.0 = Debug|Any CPU
		{8B4D09EA-6589-4706-B881-4E17F81FCF1C}.Release|Any CPU.ActiveCfg = Release|Any CPU
		{8B4D09EA-6589-4706-B881-4E17F81FCF1C}.Release|Any CPU.Build.0 = Release|Any CPU
		{899489DE-9FE3-42BF-8DA2-5B63E82A00D9}.Debug|Any CPU.ActiveCfg = Debug|Any CPU
		{899489DE-9FE3-42BF-8DA2-5B63E82A00D9}.Debug|Any CPU.Build.0 = Debug|Any CPU
		{899489DE-9FE3-42BF-8DA2-5B63E82A00D9}.Release|Any CPU.ActiveCfg = Release|Any CPU
		{899489DE-9FE3-42BF-8DA2-5B63E82A00D9}.Release|Any CPU.Build.0 = Release|Any CPU
	EndGlobalSection
	GlobalSection(SolutionProperties) = preSolution
		HideSolutionNode = FALSE
	EndGlobalSection
	GlobalSection(ExtensibilityGlobals) = postSolution
		SolutionGuid = {598152F2-1988-447B-BEFE-82317228D7D0}
	EndGlobalSection
EndGlobal
